# yaml-language-server: $schema=<https://canary.uniform.app/schemas/json-schema/component-definition/v1.json>
$schema: https://canary.uniform.app/schemas/json-schema/component-definition/v1.json
id: quoteBlock
name: Quote Block
icon: quote-o
parameters:
  - id: title
    name: Title
    type: text
    helpText: ''
    typeConfig: null
    localizable: true
  - id: quote
    name: Quote
    type: text
    helpText: ''
    typeConfig: null
    localizable: true
  - id: author
    name: Author
    type: text
    helpText: Author or person that made the quote
    typeConfig: null
    localizable: true
  - id: source
    name: Source
    type: text
    helpText: Source of quote (e.g. book, film)
    typeConfig: null
    localizable: true
  - id: theme
    name: Theme
    type: select
    helpText: Choose a theme that will change the design of this section
    typeConfig:
      options:
        - text: Default
          value: light
        - text: Dark
          value: dark
        - text: Spring
          value: spring
        - text: Ice
          value: ice
        - text: Mango
          value: mango
categoryId: 91f990da-3be3-4559-add7-7580b0108e7c
useTeamPermissions: true
slots: []
titleParameter: title
canBeComposition: false
created: '2023-02-06T10:50:27.050352+00:00'
updated: '2023-12-13T12:10:28.514733+00:00'
