# yaml-language-server: $schema=<https://canary.uniform.app/schemas/json-schema/component-definition/v1.json>
$schema: https://canary.uniform.app/schemas/json-schema/component-definition/v1.json
id: testimonialBlock
name: Testimonial Block
icon: quote-o
parameters:
  - id: title
    name: Title
    type: text
    typeConfig: null
    localizable: true
  - id: sources
    name: Sources
    type: $block
    helpText: Sources who made the testimonial
    typeConfig:
      max: 3
      min: 0
      allowedTypes:
        - logo
  - id: testimonial
    name: Testimonial
    type: richText
    typeConfig:
      elements:
        builtIn:
          - variable
      required: false
      formatting:
        builtIn:
          - bold
          - italic
          - underline
          - code
          - superscript
          - subscript
    localizable: true
  - id: theme
    name: Theme
    type: select
    helpText: Choose a theme that will change the design of this section
    typeConfig:
      options:
        - text: Default
          value: light
        - text: Dark
          value: dark
        - text: Spring
          value: spring
        - text: Ice
          value: ice
        - text: Mango
          value: mango
categoryId: 91f990da-3be3-4559-add7-7580b0108e7c
useTeamPermissions: true
slots: []
titleParameter: title
canBeComposition: false
created: '2023-11-03T14:45:03.90637+00:00'
updated: '2023-12-14T19:51:11.361642+00:00'
