# yaml-language-server: $schema=<https://canary.uniform.app/schemas/json-schema/component-definition/v1.json>
$schema: https://canary.uniform.app/schemas/json-schema/component-definition/v1.json
id: textBlock
name: Text Block
icon: format-text
parameters:
  - id: title
    name: Title
    type: text
    typeConfig:
      multiline: false
    localizable: true
  - id: richText
    name: Rich text
    type: richText
    typeConfig:
      elements:
        builtIn:
          - h1
          - h2
          - h3
          - h4
          - h5
          - h6
          - unorderedList
          - orderedList
          - link
          - quote
          - code
          - variable
          - table
      required: false
      formatting:
        builtIn:
          - bold
          - italic
          - underline
          - strikethrough
          - code
          - superscript
          - subscript
    localizable: true
  - id: group_externalContent
    name: External Content
    type: group
    typeConfig:
      collapsed: true
      childrenParams:
        - body
        - externalRichText
        - richTextType
  - id: body
    name: Markdown
    type: text
    helpText: Use for content that is formatted in Markdown
    typeConfig:
      multiline: true
      linesCount: 5
    localizable: true
  - id: externalRichText
    name: External Rich Text
    type: json
    helpText: Rich text JSON coming from another CMS
    typeConfig: {}
    localizable: true
  - id: richTextType
    name: Rich Text Type
    type: select
    helpText: Specify the CMS vendor the external data is coming from
    typeConfig:
      options:
        - text: Contentful
          value: contentful
        - text: Contentstack
          value: contentstack
        - text: DatoCMS
          value: datocms
        - text: Kontent.ai
          value: kontent
  - id: group_textStyling
    name: Text styling
    type: group
    typeConfig:
      collapsed: true
      childrenParams:
        - textAlign
        - theme
  - id: textAlign
    name: Text align
    type: select
    typeConfig:
      options:
        - text: Left
          value: left
        - text: Center
          value: center
        - text: Right
          value: right
  - id: theme
    name: Theme
    type: select
    typeConfig:
      options:
        - text: Default
          value: light
        - text: Dark
          value: dark
        - text: Spring
          value: spring
        - text: Ice
          value: ice
        - text: Mango
          value: mango
categoryId: 91f990da-3be3-4559-add7-7580b0108e7c
useTeamPermissions: true
slots: []
titleParameter: title
canBeComposition: false
created: '2022-12-15T14:08:27.903269+00:00'
updated: '2024-09-05T17:41:52.424441+00:00'
