# yaml-language-server: $schema=<https://canary.uniform.app/schemas/json-schema/component-definition/v1.json>
$schema: https://canary.uniform.app/schemas/json-schema/component-definition/v1.json
id: articleBlock
name: Article block
icon: template
parameters:
  - id: title
    name: Title
    type: text
    helpText: ''
    typeConfig: null
    localizable: true
categoryId: 91f990da-3be3-4559-add7-7580b0108e7c
description: Modular slot-based article builder
useTeamPermissions: true
slots:
  - id: content
    name: Content
    allowedComponents:
      - textBlock
      - imageBlock
      - imageGalleryBlock
      - tabContainer
      - quoteBlock
    allowAllComponents: false
    inheritAllowedComponents: false
    patternsInAllowedComponents: false
titleParameter: title
canBeComposition: false
created: '2023-10-25T08:21:22.715496+00:00'
updated: '2023-12-13T11:57:52.172287+00:00'
