id: imageBlock
name: Image block
icon: image
parameters:
  - id: title
    name: Title
    type: text
    helpText: ''
    typeConfig: null
  - id: altText
    name: Alt text
    type: text
    helpText: ''
    typeConfig: null
  - id: imageUrl
    name: Image URL
    type: text
    helpText: ''
    typeConfig: null
  - id: caption
    name: Caption
    type: text
    helpText: ''
    typeConfig: null
useTeamPermissions: true
slots: []
canBeComposition: false
created: '2022-12-15T14:08:26.5631+00:00'
updated: '2022-12-15T14:08:26.5631+00:00'
