id: textBlock
name: Text block
icon: format-text
parameters:
  - id: title
    name: Title
    type: text
    helpText: ''
    typeConfig:
      multiline: false
  - id: body
    name: Body
    type: text
    helpText: ''
    typeConfig:
      multiline: true
      linesCount: '10'
useTeamPermissions: true
slots: []
titleParameter: title
canBeComposition: false
created: '2022-12-15T14:08:27.903269+00:00'
updated: '2022-12-15T14:08:27.903269+00:00'
