id: textBlock
name: Text Block
created: '2023-10-25T08:23:46.324521+00:00'
updated: '2023-12-14T19:47:17.053515+00:00'
slugSettings:
  required: 'no'
useTeamPermissions: true
fields:
  - id: title
    name: Title
    type: text
    helpText: ''
    typeConfig: null
    localizable: true
  - id: body
    name: Body
    type: richText
    helpText: ''
    typeConfig:
      elements:
        builtIn:
          - h1
          - h2
          - h3
          - h4
          - h5
          - h6
          - unorderedList
          - orderedList
          - link
          - quote
          - code
          - variable
      required: false
      formatting:
        builtIn:
          - bold
          - italic
          - underline
          - strikethrough
          - code
          - superscript
          - subscript
    localizable: true
entryName: title
description: ''
icon: format-text
type: block
permissions: []
